
Microsoft Visual Studio Solution File, Format Version 12.00
# Visual Studio Version 16
VisualStudioVersion = 16.0.30517.126
MinimumVisualStudioVersion = 10.0.40219.1
Project("{FAE04EC0-301F-11D3-BF4B-00C04F79EFBC}") = "CA201110", "CA201110\CA201110.csproj", "{0FD73320-4F24-48B8-B532-BE061E175B29}"
EndProject
Global
	GlobalSection(SolutionConfigurationPlatforms) = preSolution
		Debug|Any CPU = Debug|Any CPU
		Release|Any CPU = Release|Any CPU
	EndGlobalSection
	GlobalSection(ProjectConfigurationPlatforms) = postSolution
		{0FD73320-4F24-48B8-B532-BE061E175B29}.Debug|Any CPU.ActiveCfg = Debug|Any CPU
		{0FD73320-4F24-48B8-B532-BE061E175B29}.Debug|Any CPU.Build.0 = Debug|Any CPU
		{0FD73320-4F24-48B8-B532-BE061E175B29}.Release|Any CPU.ActiveCfg = Release|Any CPU
		{0FD73320-4F24-48B8-B532-BE061E175B29}.Release|Any CPU.Build.0 = Release|Any CPU
	EndGlobalSection
	GlobalSection(SolutionProperties) = preSolution
		HideSolutionNode = FALSE
	EndGlobalSection
	GlobalSection(ExtensibilityGlobals) = postSolution
		SolutionGuid = {5CDF0FC9-2E5E-4D88-9CCF-3E4C87A366CA}
	EndGlobalSection
EndGlobal
